// !$*UTF8*$!
{
	archiveVersion = 1;
	classes = {
	};
	objectVersion = 56;
	objects = {

/* Begin PBXBuildFile section */
		D0BF41712B38D92A007F4B25 /* AnimsUIApp.swift in Sources */ = {isa = PBXBuildFile; fileRef = D0BF41702B38D92A007F4B25 /* AnimsUIApp.swift */; };
		D0BF41732B38D92A007F4B25 /* ContentView.swift in Sources */ = {isa = PBXBuildFile; fileRef = D0BF41722B38D92A007F4B25 /* ContentView.swift */; };
		D0BF41752B38D92B007F4B25 /* Assets.xcassets in Resources */ = {isa = PBXBuildFile; fileRef = D0BF41742B38D92B007F4B25 /* Assets.xcassets */; };
		D0BF41782B38D92B007F4B25 /* Preview Assets.xcassets in Resources */ = {isa = PBXBuildFile; fileRef = D0BF41772B38D92B007F4B25 /* Preview Assets.xcassets */; };
		D0BF41822B38D92B007F4B25 /* AnimsUITests.swift in Sources */ = {isa = PBXBuildFile; fileRef = D0BF41812B38D92B007F4B25 /* AnimsUITests.swift */; };
		D0BF418C2B38D92B007F4B25 /* AnimsUIUITests.swift in Sources */ = {isa = PBXBuildFile; fileRef = D0BF418B2B38D92B007F4B25 /* AnimsUIUITests.swift */; };
		D0BF418E2B38D92B007F4B25 /* AnimsUIUITestsLaunchTests.swift in Sources */ = {isa = PBXBuildFile; fileRef = D0BF418D2B38D92B007F4B25 /* AnimsUIUITestsLaunchTests.swift */; };
/* End PBXBuildFile section */

/* Begin PBXContainerItemProxy section */
		D0BF417E2B38D92B007F4B25 /* PBXContainerItemProxy */ = {
			isa = PBXContainerItemProxy;
			containerPortal = D0BF41652B38D92A007F4B25 /* Project object */;
			proxyType = 1;
			remoteGlobalIDString = D0BF416C2B38D92A007F4B25;
			remoteInfo = AnimsUI;
		};
		D0BF41882B38D92B007F4B25 /* PBXContainerItemProxy */ = {
			isa = PBXContainerItemProxy;
			containerPortal = D0BF41652B38D92A007F4B25 /* Project object */;
			proxyType = 1;
			remoteGlobalIDString = D0BF416C2B38D92A007F4B25;
			remoteInfo = AnimsUI;
		};
/* End PBXContainerItemProxy section */

/* Begin PBXFileReference section */
		D0BF416D2B38D92A007F4B25 /* AnimsUI.app */ = {isa = PBXFileReference; explicitFileType = wrapper.application; includeInIndex = 0; path = AnimsUI.app; sourceTree = BUILT_PRODUCTS_DIR; };
		D0BF41702B38D92A007F4B25 /* AnimsUIApp.swift */ = {isa = PBXFileReference; lastKnownFileType = sourcecode.swift; path = AnimsUIApp.swift; sourceTree = "<group>"; };
		D0BF41722B38D92A007F4B25 /* ContentView.swift */ = {isa = PBXFileReference; lastKnownFileType = sourcecode.swift; path = ContentView.swift; sourceTree = "<group>"; };
		D0BF41742B38D92B007F4B25 /* Assets.xcassets */ = {isa = PBXFileReference; lastKnownFileType = folder.assetcatalog; path = Assets.xcassets; sourceTree = "<group>"; };
		D0BF41772B38D92B007F4B25 /* Preview Assets.xcassets */ = {isa = PBXFileReference; lastKnownFileType = folder.assetcatalog; path = "Preview Assets.xcassets"; sourceTree = "<group>"; };
		D0BF417D2B38D92B007F4B25 /* AnimsUITests.xctest */ = {isa = PBXFileReference; explicitFileType = wrapper.cfbundle; includeInIndex = 0; path = AnimsUITests.xctest; sourceTree = BUILT_PRODUCTS_DIR; };
		D0BF41812B38D92B007F4B25 /* AnimsUITests.swift */ = {isa = PBXFileReference; lastKnownFileType = sourcecode.swift; path = AnimsUITests.swift; sourceTree = "<group>"; };
		D0BF41872B38D92B007F4B25 /* AnimsUIUITests.xctest */ = {isa = PBXFileReference; explicitFileType = wrapper.cfbundle; includeInIndex = 0; path = AnimsUIUITests.xctest; sourceTree = BUILT_PRODUCTS_DIR; };
		D0BF418B2B38D92B007F4B25 /* AnimsUIUITests.swift */ = {isa = PBXFileReference; lastKnownFileType = sourcecode.swift; path = AnimsUIUITests.swift; sourceTree = "<group>"; };
		D0BF418D2B38D92B007F4B25 /* AnimsUIUITestsLaunchTests.swift */ = {isa = PBXFileReference; lastKnownFileType = sourcecode.swift; path = AnimsUIUITestsLaunchTests.swift; sourceTree = "<group>"; };
/* End PBXFileReference section */

/* Begin PBXFrameworksBuildPhase section */
		D0BF416A2B38D92A007F4B25 /* Frameworks */ = {
			isa = PBXFrameworksBuildPhase;
			buildActionMask = 2147483647;
			files = (
			);
			runOnlyForDeploymentPostprocessing = 0;
		};
		D0BF417A2B38D92B007F4B25 /* Frameworks */ = {
			isa = PBXFrameworksBuildPhase;
			buildActionMask = 2147483647;
			files = (
			);
			runOnlyForDeploymentPostprocessing = 0;
		};
		D0BF41842B38D92B007F4B25 /* Frameworks */ = {
			isa = PBXFrameworksBuildPhase;
			buildActionMask = 2147483647;
			files = (
			);
			runOnlyForDeploymentPostprocessing = 0;
		};
/* End PBXFrameworksBuildPhase section */

/* Begin PBXGroup section */
		D0BF41642B38D92A007F4B25 = {
			isa = PBXGroup;
			children = (
				D0BF416F2B38D92A007F4B25 /* AnimsUI */,
				D0BF41802B38D92B007F4B25 /* AnimsUITests */,
				D0BF418A2B38D92B007F4B25 /* AnimsUIUITests */,
				D0BF416E2B38D92A007F4B25 /* Products */,
			);
			sourceTree = "<group>";
		};
		D0BF416E2B38D92A007F4B25 /* Products */ = {
			isa = PBXGroup;
			children = (
				D0BF416D2B38D92A007F4B25 /* AnimsUI.app */,
				D0BF417D2B38D92B007F4B25 /* AnimsUITests.xctest */,
				D0BF41872B38D92B007F4B25 /* AnimsUIUITests.xctest */,
			);
			name = Products;
			sourceTree = "<group>";
		};
		D0BF416F2B38D92A007F4B25 /* AnimsUI */ = {
			isa = PBXGroup;
			children = (
				D0BF41702B38D92A007F4B25 /* AnimsUIApp.swift */,
				D0BF41722B38D92A007F4B25 /* ContentView.swift */,
				D0BF41742B38D92B007F4B25 /* Assets.xcassets */,
				D0BF41762B38D92B007F4B25 /* Preview Content */,
			);
			path = AnimsUI;
			sourceTree = "<group>";
		};
		D0BF41762B38D92B007F4B25 /* Preview Content */ = {
			isa = PBXGroup;
			children = (
				D0BF41772B38D92B007F4B25 /* Preview Assets.xcassets */,
			);
			path = "Preview Content";
			sourceTree = "<group>";
		};
		D0BF41802B38D92B007F4B25 /* AnimsUITests */ = {
			isa = PBXGroup;
			children = (
				D0BF41812B38D92B007F4B25 /* AnimsUITests.swift */,
			);
			path = AnimsUITests;
			sourceTree = "<group>";
		};
		D0BF418A2B38D92B007F4B25 /* AnimsUIUITests */ = {
			isa = PBXGroup;
			children = (
				D0BF418B2B38D92B007F4B25 /* AnimsUIUITests.swift */,
				D0BF418D2B38D92B007F4B25 /* AnimsUIUITestsLaunchTests.swift */,
			);
			path = AnimsUIUITests;
			sourceTree = "<group>";
		};
/* End PBXGroup section */

/* Begin PBXNativeTarget section */
		D0BF416C2B38D92A007F4B25 /* AnimsUI */ = {
			isa = PBXNativeTarget;
			buildConfigurationList = D0BF41912B38D92B007F4B25 /* Build configuration list for PBXNativeTarget "AnimsUI" */;
			buildPhases = (
				D0BF41692B38D92A007F4B25 /* Sources */,
				D0BF416A2B38D92A007F4B25 /* Frameworks */,
				D0BF416B2B38D92A007F4B25 /* Resources */,
			);
			buildRules = (
			);
			dependencies = (
			);
			name = AnimsUI;
			productName = AnimsUI;
			productReference = D0BF416D2B38D92A007F4B25 /* AnimsUI.app */;
			productType = "com.apple.product-type.application";
		};
		D0BF417C2B38D92B007F4B25 /* AnimsUITests */ = {
			isa = PBXNativeTarget;
			buildConfigurationList = D0BF41942B38D92B007F4B25 /* Build configuration list for PBXNativeTarget "AnimsUITests" */;
			buildPhases = (
				D0BF41792B38D92B007F4B25 /* Sources */,
				D0BF417A2B38D92B007F4B25 /* Frameworks */,
				D0BF417B2B38D92B007F4B25 /* Resources */,
			);
			buildRules = (
			);
			dependencies = (
				D0BF417F2B38D92B007F4B25 /* PBXTargetDependency */,
			);
			name = AnimsUITests;
			productName = AnimsUITests;
			productReference = D0BF417D2B38D92B007F4B25 /* AnimsUITests.xctest */;
			productType = "com.apple.product-type.bundle.unit-test";
		};
		D0BF41862B38D92B007F4B25 /* AnimsUIUITests */ = {
			isa = PBXNativeTarget;
			buildConfigurationList = D0BF41972B38D92B007F4B25 /* Build configuration list for PBXNativeTarget "AnimsUIUITests" */;
			buildPhases = (
				D0BF41832B38D92B007F4B25 /* Sources */,
				D0BF41842B38D92B007F4B25 /* Frameworks */,
				D0BF41852B38D92B007F4B25 /* Resources */,
			);
			buildRules = (
			);
			dependencies = (
				D0BF41892B38D92B007F4B25 /* PBXTargetDependency */,
			);
			name = AnimsUIUITests;
			productName = AnimsUIUITests;
			productReference = D0BF41872B38D92B007F4B25 /* AnimsUIUITests.xctest */;
			productType = "com.apple.product-type.bundle.ui-testing";
		};
/* End PBXNativeTarget section */

/* Begin PBXProject section */
		D0BF41652B38D92A007F4B25 /* Project object */ = {
			isa = PBXProject;
			attributes = {
				BuildIndependentTargetsInParallel = 1;
				LastSwiftUpdateCheck = 1500;
				LastUpgradeCheck = 1500;
				TargetAttributes = {
					D0BF416C2B38D92A007F4B25 = {
						CreatedOnToolsVersion = 15.0;
					};
					D0BF417C2B38D92B007F4B25 = {
						CreatedOnToolsVersion = 15.0;
						TestTargetID = D0BF416C2B38D92A007F4B25;
					};
					D0BF41862B38D92B007F4B25 = {
						CreatedOnToolsVersion = 15.0;
						TestTargetID = D0BF416C2B38D92A007F4B25;
					};
				};
			};
			buildConfigurationList = D0BF41682B38D92A007F4B25 /* Build configuration list for PBXProject "AnimsUI" */;
			compatibilityVersion = "Xcode 14.0";
			developmentRegion = en;
			hasScannedForEncodings = 0;
			knownRegions = (
				en,
				Base,
			);
			mainGroup = D0BF41642B38D92A007F4B25;
			productRefGroup = D0BF416E2B38D92A007F4B25 /* Products */;
			projectDirPath = "";
			projectRoot = "";
			targets = (
				D0BF416C2B38D92A007F4B25 /* AnimsUI */,
				D0BF417C2B38D92B007F4B25 /* AnimsUITests */,
				D0BF41862B38D92B007F4B25 /* AnimsUIUITests */,
			);
		};
/* End PBXProject section */

/* Begin PBXResourcesBuildPhase section */
		D0BF416B2B38D92A007F4B25 /* Resources */ = {
			isa = PBXResourcesBuildPhase;
			buildActionMask = 2147483647;
			files = (
				D0BF41782B38D92B007F4B25 /* Preview Assets.xcassets in Resources */,
				D0BF41752B38D92B007F4B25 /* Assets.xcassets in Resources */,
			);
			runOnlyForDeploymentPostprocessing = 0;
		};
		D0BF417B2B38D92B007F4B25 /* Resources */ = {
			isa = PBXResourcesBuildPhase;
			buildActionMask = 2147483647;
			files = (
			);
			runOnlyForDeploymentPostprocessing = 0;
		};
		D0BF41852B38D92B007F4B25 /* Resources */ = {
			isa = PBXResourcesBuildPhase;
			buildActionMask = 2147483647;
			files = (
			);
			runOnlyForDeploymentPostprocessing = 0;
		};
/* End PBXResourcesBuildPhase section */

/* Begin PBXSourcesBuildPhase section */
		D0BF41692B38D92A007F4B25 /* Sources */ = {
			isa = PBXSourcesBuildPhase;
			buildActionMask = 2147483647;
			files = (
				D0BF41732B38D92A007F4B25 /* ContentView.swift in Sources */,
				D0BF41712B38D92A007F4B25 /* AnimsUIApp.swift in Sources */,
			);
			runOnlyForDeploymentPostprocessing = 0;
		};
		D0BF41792B38D92B007F4B25 /* Sources */ = {
			isa = PBXSourcesBuildPhase;
			buildActionMask = 2147483647;
			files = (
				D0BF41822B38D92B007F4B25 /* AnimsUITests.swift in Sources */,
			);
			runOnlyForDeploymentPostprocessing = 0;
		};
		D0BF41832B38D92B007F4B25 /* Sources */ = {
			isa = PBXSourcesBuildPhase;
			buildActionMask = 2147483647;
			files = (
				D0BF418C2B38D92B007F4B25 /* AnimsUIUITests.swift in Sources */,
				D0BF418E2B38D92B007F4B25 /* AnimsUIUITestsLaunchTests.swift in Sources */,
			);
			runOnlyForDeploymentPostprocessing = 0;
		};
/* End PBXSourcesBuildPhase section */

/* Begin PBXTargetDependency section */
		D0BF417F2B38D92B007F4B25 /* PBXTargetDependency */ = {
			isa = PBXTargetDependency;
			target = D0BF416C2B38D92A007F4B25 /* AnimsUI */;
			targetProxy = D0BF417E2B38D92B007F4B25 /* PBXContainerItemProxy */;
		};
		D0BF41892B38D92B007F4B25 /* PBXTargetDependency */ = {
			isa = PBXTargetDependency;
			target = D0BF416C2B38D92A007F4B25 /* AnimsUI */;
			targetProxy = D0BF41882B38D92B007F4B25 /* PBXContainerItemProxy */;
		};
/* End PBXTargetDependency section */

/* Begin XCBuildConfiguration section */
		D0BF418F2B38D92B007F4B25 /* Debug */ = {
			isa = XCBuildConfiguration;
			buildSettings = {
				ALWAYS_SEARCH_USER_PATHS = NO;
				ASSETCATALOG_COMPILER_GENERATE_SWIFT_ASSET_SYMBOL_EXTENSIONS = YES;
				CLANG_ANALYZER_NONNULL = YES;
				CLANG_ANALYZER_NUMBER_OBJECT_CONVERSION = YES_AGGRESSIVE;
				CLANG_CXX_LANGUAGE_STANDARD = "gnu++20";
				CLANG_ENABLE_MODULES = YES;
				CLANG_ENABLE_OBJC_ARC = YES;
				CLANG_ENABLE_OBJC_WEAK = YES;
				CLANG_WARN_BLOCK_CAPTURE_AUTORELEASING = YES;
				CLANG_WARN_BOOL_CONVERSION = YES;
				CLANG_WARN_COMMA = YES;
				CLANG_WARN_CONSTANT_CONVERSION = YES;
				CLANG_WARN_DEPRECATED_OBJC_IMPLEMENTATIONS = YES;
				CLANG_WARN_DIRECT_OBJC_ISA_USAGE = YES_ERROR;
				CLANG_WARN_DOCUMENTATION_COMMENTS = YES;
				CLANG_WARN_EMPTY_BODY = YES;
				CLANG_WARN_ENUM_CONVERSION = YES;
				CLANG_WARN_INFINITE_RECURSION = YES;
				CLANG_WARN_INT_CONVERSION = YES;
				CLANG_WARN_NON_LITERAL_NULL_CONVERSION = YES;
				CLANG_WARN_OBJC_IMPLICIT_RETAIN_SELF = YES;
				CLANG_WARN_OBJC_LITERAL_CONVERSION = YES;
				CLANG_WARN_OBJC_ROOT_CLASS = YES_ERROR;
				CLANG_WARN_QUOTED_INCLUDE_IN_FRAMEWORK_HEADER = YES;
				CLANG_WARN_RANGE_LOOP_ANALYSIS = YES;
				CLANG_WARN_STRICT_PROTOTYPES = YES;
				CLANG_WARN_SUSPICIOUS_MOVE = YES;
				CLANG_WARN_UNGUARDED_AVAILABILITY = YES_AGGRESSIVE;
				CLANG_WARN_UNREACHABLE_CODE = YES;
				CLANG_WARN__DUPLICATE_METHOD_MATCH = YES;
				COPY_PHASE_STRIP = NO;
				DEBUG_INFORMATION_FORMAT = dwarf;
				ENABLE_STRICT_OBJC_MSGSEND = YES;
				ENABLE_TESTABILITY = YES;
				ENABLE_USER_SCRIPT_SANDBOXING = YES;
				GCC_C_LANGUAGE_STANDARD = gnu17;
				GCC_DYNAMIC_NO_PIC = NO;
				GCC_NO_COMMON_BLOCKS = YES;
				GCC_OPTIMIZATION_LEVEL = 0;
				GCC_PREPROCESSOR_DEFINITIONS = (
					"DEBUG=1",
					"$(inherited)",
				);
				GCC_WARN_64_TO_32_BIT_CONVERSION = YES;
				GCC_WARN_ABOUT_RETURN_TYPE = YES_ERROR;
				GCC_WARN_UNDECLARED_SELECTOR = YES;
				GCC_WARN_UNINITIALIZED_AUTOS = YES_AGGRESSIVE;
				GCC_WARN_UNUSED_FUNCTION = YES;
				GCC_WARN_UNUSED_VARIABLE = YES;
				IPHONEOS_DEPLOYMENT_TARGET = 17.0;
				LOCALIZATION_PREFERS_STRING_CATALOGS = YES;
				MTL_ENABLE_DEBUG_INFO = INCLUDE_SOURCE;
				MTL_FAST_MATH = YES;
				ONLY_ACTIVE_ARCH = YES;
				SDKROOT = iphoneos;
				SWIFT_ACTIVE_COMPILATION_CONDITIONS = "DEBUG $(inherited)";
				SWIFT_OPTIMIZATION_LEVEL = "-Onone";
			};
			name = Debug;
		};
		D0BF41902B38D92B007F4B25 /* Release */ = {
			isa = XCBuildConfiguration;
			buildSettings = {
				ALWAYS_SEARCH_USER_PATHS = NO;
				ASSETCATALOG_COMPILER_GENERATE_SWIFT_ASSET_SYMBOL_EXTENSIONS = YES;
				CLANG_ANALYZER_NONNULL = YES;
				CLANG_ANALYZER_NUMBER_OBJECT_CONVERSION = YES_AGGRESSIVE;
				CLANG_CXX_LANGUAGE_STANDARD = "gnu++20";
				CLANG_ENABLE_MODULES = YES;
				CLANG_ENABLE_OBJC_ARC = YES;
				CLANG_ENABLE_OBJC_WEAK = YES;
				CLANG_WARN_BLOCK_CAPTURE_AUTORELEASING = YES;
				CLANG_WARN_BOOL_CONVERSION = YES;
				CLANG_WARN_COMMA = YES;
				CLANG_WARN_CONSTANT_CONVERSION = YES;
				CLANG_WARN_DEPRECATED_OBJC_IMPLEMENTATIONS = YES;
				CLANG_WARN_DIRECT_OBJC_ISA_USAGE = YES_ERROR;
				CLANG_WARN_DOCUMENTATION_COMMENTS = YES;
				CLANG_WARN_EMPTY_BODY = YES;
				CLANG_WARN_ENUM_CONVERSION = YES;
				CLANG_WARN_INFINITE_RECURSION = YES;
				CLANG_WARN_INT_CONVERSION = YES;
				CLANG_WARN_NON_LITERAL_NULL_CONVERSION = YES;
				CLANG_WARN_OBJC_IMPLICIT_RETAIN_SELF = YES;
				CLANG_WARN_OBJC_LITERAL_CONVERSION = YES;
				CLANG_WARN_OBJC_ROOT_CLASS = YES_ERROR;
				CLANG_WARN_QUOTED_INCLUDE_IN_FRAMEWORK_HEADER = YES;
				CLANG_WARN_RANGE_LOOP_ANALYSIS = YES;
				CLANG_WARN_STRICT_PROTOTYPES = YES;
				CLANG_WARN_SUSPICIOUS_MOVE = YES;
				CLANG_WARN_UNGUARDED_AVAILABILITY = YES_AGGRESSIVE;
				CLANG_WARN_UNREACHABLE_CODE = YES;
				CLANG_WARN__DUPLICATE_METHOD_MATCH = YES;
				COPY_PHASE_STRIP = NO;
				DEBUG_INFORMATION_FORMAT = "dwarf-with-dsym";
				ENABLE_NS_ASSERTIONS = NO;
				ENABLE_STRICT_OBJC_MSGSEND = YES;
				ENABLE_USER_SCRIPT_SANDBOXING = YES;
				GCC_C_LANGUAGE_STANDARD = gnu17;
				GCC_NO_COMMON_BLOCKS = YES;
				GCC_WARN_64_TO_32_BIT_CONVERSION = YES;
				GCC_WARN_ABOUT_RETURN_TYPE = YES_ERROR;
				GCC_WARN_UNDECLARED_SELECTOR = YES;
				GCC_WARN_UNINITIALIZED_AUTOS = YES_AGGRESSIVE;
				GCC_WARN_UNUSED_FUNCTION = YES;
				GCC_WARN_UNUSED_VARIABLE = YES;
				IPHONEOS_DEPLOYMENT_TARGET = 17.0;
				LOCALIZATION_PREFERS_STRING_CATALOGS = YES;
				MTL_ENABLE_DEBUG_INFO = NO;
				MTL_FAST_MATH = YES;
				SDKROOT = iphoneos;
				SWIFT_COMPILATION_MODE = wholemodule;
				VALIDATE_PRODUCT = YES;
			};
			name = Release;
		};
		D0BF41922B38D92B007F4B25 /* Debug */ = {
			isa = XCBuildConfiguration;
			buildSettings = {
				ASSETCATALOG_COMPILER_APPICON_NAME = AppIcon;
				ASSETCATALOG_COMPILER_GLOBAL_ACCENT_COLOR_NAME = AccentColor;
				CODE_SIGN_STYLE = Automatic;
				CURRENT_PROJECT_VERSION = 1;
				DEVELOPMENT_ASSET_PATHS = "\"AnimsUI/Preview Content\"";
				ENABLE_PREVIEWS = YES;
				GENERATE_INFOPLIST_FILE = YES;
				INFOPLIST_KEY_UIApplicationSceneManifest_Generation = YES;
				INFOPLIST_KEY_UIApplicationSupportsIndirectInputEvents = YES;
				INFOPLIST_KEY_UILaunchScreen_Generation = YES;
				INFOPLIST_KEY_UISupportedInterfaceOrientations_iPad = "UIInterfaceOrientationPortrait UIInterfaceOrientationPortraitUpsideDown UIInterfaceOrientationLandscapeLeft UIInterfaceOrientationLandscapeRight";
				INFOPLIST_KEY_UISupportedInterfaceOrientations_iPhone = "UIInterfaceOrientationPortrait UIInterfaceOrientationLandscapeLeft UIInterfaceOrientationLandscapeRight";
				LD_RUNPATH_SEARCH_PATHS = (
					"$(inherited)",
					"@executable_path/Frameworks",
				);
				MARKETING_VERSION = 1.0;
				PRODUCT_BUNDLE_IDENTIFIER = "-23.AnimsUI";
				PRODUCT_NAME = "$(TARGET_NAME)";
				SWIFT_EMIT_LOC_STRINGS = YES;
				SWIFT_VERSION = 5.0;
				TARGETED_DEVICE_FAMILY = "1,2";
			};
			name = Debug;
		};
		D0BF41932B38D92B007F4B25 /* Release */ = {
			isa = XCBuildConfiguration;
			buildSettings = {
				ASSETCATALOG_COMPILER_APPICON_NAME = AppIcon;
				ASSETCATALOG_COMPILER_GLOBAL_ACCENT_COLOR_NAME = AccentColor;
				CODE_SIGN_STYLE = Automatic;
				CURRENT_PROJECT_VERSION = 1;
				DEVELOPMENT_ASSET_PATHS = "\"AnimsUI/Preview Content\"";
				ENABLE_PREVIEWS = YES;
				GENERATE_INFOPLIST_FILE = YES;
				INFOPLIST_KEY_UIApplicationSceneManifest_Generation = YES;
				INFOPLIST_KEY_UIApplicationSupportsIndirectInputEvents = YES;
				INFOPLIST_KEY_UILaunchScreen_Generation = YES;
				INFOPLIST_KEY_UISupportedInterfaceOrientations_iPad = "UIInterfaceOrientationPortrait UIInterfaceOrientationPortraitUpsideDown UIInterfaceOrientationLandscapeLeft UIInterfaceOrientationLandscapeRight";
				INFOPLIST_KEY_UISupportedInterfaceOrientations_iPhone = "UIInterfaceOrientationPortrait UIInterfaceOrientationLandscapeLeft UIInterfaceOrientationLandscapeRight";
				LD_RUNPATH_SEARCH_PATHS = (
					"$(inherited)",
					"@executable_path/Frameworks",
				);
				MARKETING_VERSION = 1.0;
				PRODUCT_BUNDLE_IDENTIFIER = "-23.AnimsUI";
				PRODUCT_NAME = "$(TARGET_NAME)";
				SWIFT_EMIT_LOC_STRINGS = YES;
				SWIFT_VERSION = 5.0;
				TARGETED_DEVICE_FAMILY = "1,2";
			};
			name = Release;
		};
		D0BF41952B38D92B007F4B25 /* Debug */ = {
			isa = XCBuildConfiguration;
			buildSettings = {
				ALWAYS_EMBED_SWIFT_STANDARD_LIBRARIES = YES;
				BUNDLE_LOADER = "$(TEST_HOST)";
				CODE_SIGN_STYLE = Automatic;
				CURRENT_PROJECT_VERSION = 1;
				GENERATE_INFOPLIST_FILE = YES;
				IPHONEOS_DEPLOYMENT_TARGET = 17.0;
				MARKETING_VERSION = 1.0;
				PRODUCT_BUNDLE_IDENTIFIER = "-23.AnimsUITests";
				PRODUCT_NAME = "$(TARGET_NAME)";
				SWIFT_EMIT_LOC_STRINGS = NO;
				SWIFT_VERSION = 5.0;
				TARGETED_DEVICE_FAMILY = "1,2";
				TEST_HOST = "$(BUILT_PRODUCTS_DIR)/AnimsUI.app/$(BUNDLE_EXECUTABLE_FOLDER_PATH)/AnimsUI";
			};
			name = Debug;
		};
		D0BF41962B38D92B007F4B25 /* Release */ = {
			isa = XCBuildConfiguration;
			buildSettings = {
				ALWAYS_EMBED_SWIFT_STANDARD_LIBRARIES = YES;
				BUNDLE_LOADER = "$(TEST_HOST)";
				CODE_SIGN_STYLE = Automatic;
				CURRENT_PROJECT_VERSION = 1;
				GENERATE_INFOPLIST_FILE = YES;
				IPHONEOS_DEPLOYMENT_TARGET = 17.0;
				MARKETING_VERSION = 1.0;
				PRODUCT_BUNDLE_IDENTIFIER = "-23.AnimsUITests";
				PRODUCT_NAME = "$(TARGET_NAME)";
				SWIFT_EMIT_LOC_STRINGS = NO;
				SWIFT_VERSION = 5.0;
				TARGETED_DEVICE_FAMILY = "1,2";
				TEST_HOST = "$(BUILT_PRODUCTS_DIR)/AnimsUI.app/$(BUNDLE_EXECUTABLE_FOLDER_PATH)/AnimsUI";
			};
			name = Release;
		};
		D0BF41982B38D92B007F4B25 /* Debug */ = {
			isa = XCBuildConfiguration;
			buildSettings = {
				ALWAYS_EMBED_SWIFT_STANDARD_LIBRARIES = YES;
				CODE_SIGN_STYLE = Automatic;
				CURRENT_PROJECT_VERSION = 1;
				GENERATE_INFOPLIST_FILE = YES;
				MARKETING_VERSION = 1.0;
				PRODUCT_BUNDLE_IDENTIFIER = "-23.AnimsUIUITests";
				PRODUCT_NAME = "$(TARGET_NAME)";
				SWIFT_EMIT_LOC_STRINGS = NO;
				SWIFT_VERSION = 5.0;
				TARGETED_DEVICE_FAMILY = "1,2";
				TEST_TARGET_NAME = AnimsUI;
			};
			name = Debug;
		};
		D0BF41992B38D92B007F4B25 /* Release */ = {
			isa = XCBuildConfiguration;
			buildSettings = {
				ALWAYS_EMBED_SWIFT_STANDARD_LIBRARIES = YES;
				CODE_SIGN_STYLE = Automatic;
				CURRENT_PROJECT_VERSION = 1;
				GENERATE_INFOPLIST_FILE = YES;
				MARKETING_VERSION = 1.0;
				PRODUCT_BUNDLE_IDENTIFIER = "-23.AnimsUIUITests";
				PRODUCT_NAME = "$(TARGET_NAME)";
				SWIFT_EMIT_LOC_STRINGS = NO;
				SWIFT_VERSION = 5.0;
				TARGETED_DEVICE_FAMILY = "1,2";
				TEST_TARGET_NAME = AnimsUI;
			};
			name = Release;
		};
/* End XCBuildConfiguration section */

/* Begin XCConfigurationList section */
		D0BF41682B38D92A007F4B25 /* Build configuration list for PBXProject "AnimsUI" */ = {
			isa = XCConfigurationList;
			buildConfigurations = (
				D0BF418F2B38D92B007F4B25 /* Debug */,
				D0BF41902B38D92B007F4B25 /* Release */,
			);
			defaultConfigurationIsVisible = 0;
			defaultConfigurationName = Release;
		};
		D0BF41912B38D92B007F4B25 /* Build configuration list for PBXNativeTarget "AnimsUI" */ = {
			isa = XCConfigurationList;
			buildConfigurations = (
				D0BF41922B38D92B007F4B25 /* Debug */,
				D0BF41932B38D92B007F4B25 /* Release */,
			);
			defaultConfigurationIsVisible = 0;
			defaultConfigurationName = Release;
		};
		D0BF41942B38D92B007F4B25 /* Build configuration list for PBXNativeTarget "AnimsUITests" */ = {
			isa = XCConfigurationList;
			buildConfigurations = (
				D0BF41952B38D92B007F4B25 /* Debug */,
				D0BF41962B38D92B007F4B25 /* Release */,
			);
			defaultConfigurationIsVisible = 0;
			defaultConfigurationName = Release;
		};
		D0BF41972B38D92B007F4B25 /* Build configuration list for PBXNativeTarget "AnimsUIUITests" */ = {
			isa = XCConfigurationList;
			buildConfigurations = (
				D0BF41982B38D92B007F4B25 /* Debug */,
				D0BF41992B38D92B007F4B25 /* Release */,
			);
			defaultConfigurationIsVisible = 0;
			defaultConfigurationName = Release;
		};
/* End XCConfigurationList section */
	};
	rootObject = D0BF41652B38D92A007F4B25 /* Project object */;
}
